
Microsoft Visual Studio Solution File, Format Version 12.00
# Visual Studio Version 16
VisualStudioVersion = 16.0.30413.136
MinimumVisualStudioVersion = 10.0.40219.1
Project("{9A19103F-16F7-4668-BE54-9A1E7A4F7556}") = "DIPAAC", "DIPAAC\DIPAAC.csproj", "{628AC243-D9FD-47E1-B3ED-457358824EB9}"
EndProject
Project("{FAE04EC0-301F-11D3-BF4B-00C04F79EFBC}") = "DataAccess", "DIPAAC.DataAccess\DataAccess.csproj", "{E4927CA1-9F67-4796-A4F4-6479C0E5222E}"
EndProject
Global
	GlobalSection(SolutionConfigurationPlatforms) = preSolution
		Debug|Any CPU = Debug|Any CPU
		Release|Any CPU = Release|Any CPU
	EndGlobalSection
	GlobalSection(ProjectConfigurationPlatforms) = postSolution
		{628AC243-D9FD-47E1-B3ED-457358824EB9}.Debug|Any CPU.ActiveCfg = Debug|Any CPU
		{628AC243-D9FD-47E1-B3ED-457358824EB9}.Debug|Any CPU.Build.0 = Debug|Any CPU
		{628AC243-D9FD-47E1-B3ED-457358824EB9}.Release|Any CPU.ActiveCfg = Release|Any CPU
		{628AC243-D9FD-47E1-B3ED-457358824EB9}.Release|Any CPU.Build.0 = Release|Any CPU
		{E4927CA1-9F67-4796-A4F4-6479C0E5222E}.Debug|Any CPU.ActiveCfg = Debug|Any CPU
		{E4927CA1-9F67-4796-A4F4-6479C0E5222E}.Debug|Any CPU.Build.0 = Debug|Any CPU
		{E4927CA1-9F67-4796-A4F4-6479C0E5222E}.Release|Any CPU.ActiveCfg = Release|Any CPU
		{E4927CA1-9F67-4796-A4F4-6479C0E5222E}.Release|Any CPU.Build.0 = Release|Any CPU
	EndGlobalSection
	GlobalSection(SolutionProperties) = preSolution
		HideSolutionNode = FALSE
	EndGlobalSection
	GlobalSection(ExtensibilityGlobals) = postSolution
		SolutionGuid = {DA307295-CC04-437C-A4F2-61A3614F32EB}
	EndGlobalSection
EndGlobal
